// !$*UTF8*$!
{
	archiveVersion = 1;
	classes = {
	};
	objectVersion = 50;
	objects = {

/* Begin PBXBuildFile section */
		2018C0AB251CDF9000EFC011 /* YelpBusiness.swift in Sources */ = {isa = PBXBuildFile; fileRef = 2018C0AA251CDF9000EFC011 /* YelpBusiness.swift */; };
		2018C0B0251CDFCE00EFC011 /* YelpKeys.swift in Sources */ = {isa = PBXBuildFile; fileRef = 2018C0AC251CDFCD00EFC011 /* YelpKeys.swift */; };
		2018C0B1251CDFCE00EFC011 /* Endpoint.swift in Sources */ = {isa = PBXBuildFile; fileRef = 2018C0AD251CDFCE00EFC011 /* Endpoint.swift */; };
		2018C0B2251CDFCE00EFC011 /* YelpClient.swift in Sources */ = {isa = PBXBuildFile; fileRef = 2018C0AE251CDFCE00EFC011 /* YelpClient.swift */; };
		2018C0B3251CDFCE00EFC011 /* APIClient.swift in Sources */ = {isa = PBXBuildFile; fileRef = 2018C0AF251CDFCE00EFC011 /* APIClient.swift */; };
		2018C0B6251CE4E300EFC011 /* YelpCategory.swift in Sources */ = {isa = PBXBuildFile; fileRef = 2018C0B4251CE4E300EFC011 /* YelpCategory.swift */; };
		2018C0B7251CE4E300EFC011 /* YelpTransaction.swift in Sources */ = {isa = PBXBuildFile; fileRef = 2018C0B5251CE4E300EFC011 /* YelpTransaction.swift */; };
		2018C0BD251CEB1700EFC011 /* BusinessHours.swift in Sources */ = {isa = PBXBuildFile; fileRef = 2018C0B9251CEB1700EFC011 /* BusinessHours.swift */; };
		2018C0BE251CEB1700EFC011 /* YelpUser.swift in Sources */ = {isa = PBXBuildFile; fileRef = 2018C0BA251CEB1700EFC011 /* YelpUser.swift */; };
		2018C0BF251CEB1700EFC011 /* Address.swift in Sources */ = {isa = PBXBuildFile; fileRef = 2018C0BB251CEB1700EFC011 /* Address.swift */; };
		2018C0C0251CEB1700EFC011 /* Coordinate.swift in Sources */ = {isa = PBXBuildFile; fileRef = 2018C0BC251CEB1700EFC011 /* Coordinate.swift */; };
		203FEB2F25205E850093E0A6 /* YelpBusinessDetails.swift in Sources */ = {isa = PBXBuildFile; fileRef = 203FEB2E25205E850093E0A6 /* YelpBusinessDetails.swift */; };
		203FEB312520750A0093E0A6 /* RestaurantDetailsViewModel.swift in Sources */ = {isa = PBXBuildFile; fileRef = 203FEB302520750A0093E0A6 /* RestaurantDetailsViewModel.swift */; };
		2051549B251C6B83007E95D4 /* RestaurantDetailsView.swift in Sources */ = {isa = PBXBuildFile; fileRef = 20515499251C6B83007E95D4 /* RestaurantDetailsView.swift */; };
		2051549C251C6B83007E95D4 /* RestaurantDetailsView.xib in Resources */ = {isa = PBXBuildFile; fileRef = 2051549A251C6B83007E95D4 /* RestaurantDetailsView.xib */; };
		2063720E251C598700474BB5 /* RestaurantsTableViewController.swift in Sources */ = {isa = PBXBuildFile; fileRef = 2063720D251C598700474BB5 /* RestaurantsTableViewController.swift */; };
		20637216251C60AA00474BB5 /* RestaurantsCell.swift in Sources */ = {isa = PBXBuildFile; fileRef = 20637214251C60AA00474BB5 /* RestaurantsCell.swift */; };
		20637217251C60AA00474BB5 /* RestaurantsCell.xib in Resources */ = {isa = PBXBuildFile; fileRef = 20637215251C60AA00474BB5 /* RestaurantsCell.xib */; };
		2068B64F251C83DA00F29FD6 /* LocationManager.swift in Sources */ = {isa = PBXBuildFile; fileRef = 2068B64E251C83DA00F29FD6 /* LocationManager.swift */; };
		2068B652251C910B00F29FD6 /* BaseView.swift in Sources */ = {isa = PBXBuildFile; fileRef = 2068B651251C910B00F29FD6 /* BaseView.swift */; };
		207202EA251D0B8900DEA2C0 /* RestaurantsViewModel.swift in Sources */ = {isa = PBXBuildFile; fileRef = 207202E9251D0B8900DEA2C0 /* RestaurantsViewModel.swift */; };
		208AFFDF251BC84B008AAE8A /* AppDelegate.swift in Sources */ = {isa = PBXBuildFile; fileRef = 208AFFDE251BC84B008AAE8A /* AppDelegate.swift */; };
		208AFFE1251BC84B008AAE8A /* SceneDelegate.swift in Sources */ = {isa = PBXBuildFile; fileRef = 208AFFE0251BC84B008AAE8A /* SceneDelegate.swift */; };
		208AFFE8251BC84D008AAE8A /* Assets.xcassets in Resources */ = {isa = PBXBuildFile; fileRef = 208AFFE7251BC84D008AAE8A /* Assets.xcassets */; };
		208AFFEB251BC84D008AAE8A /* LaunchScreen.storyboard in Resources */ = {isa = PBXBuildFile; fileRef = 208AFFE9251BC84D008AAE8A /* LaunchScreen.storyboard */; };
		208AFFF4251BC945008AAE8A /* LocationPermissionView.swift in Sources */ = {isa = PBXBuildFile; fileRef = 208AFFF2251BC945008AAE8A /* LocationPermissionView.swift */; };
		208AFFF5251BC945008AAE8A /* LocationPermissionView.xib in Resources */ = {isa = PBXBuildFile; fileRef = 208AFFF3251BC945008AAE8A /* LocationPermissionView.xib */; };
		20E9AB93251C93E30000034C /* RestaurantDetailsViewController.swift in Sources */ = {isa = PBXBuildFile; fileRef = 20E9AB92251C93E30000034C /* RestaurantDetailsViewController.swift */; };
		20E9AB99251C95710000034C /* LocationPermissionViewController.swift in Sources */ = {isa = PBXBuildFile; fileRef = 20E9AB98251C95710000034C /* LocationPermissionViewController.swift */; };
/* End PBXBuildFile section */

/* Begin PBXFileReference section */
		2018C0AA251CDF9000EFC011 /* YelpBusiness.swift */ = {isa = PBXFileReference; fileEncoding = 4; lastKnownFileType = sourcecode.swift; path = YelpBusiness.swift; sourceTree = "<group>"; };
		2018C0AC251CDFCD00EFC011 /* YelpKeys.swift */ = {isa = PBXFileReference; fileEncoding = 4; lastKnownFileType = sourcecode.swift; path = YelpKeys.swift; sourceTree = "<group>"; };
		2018C0AD251CDFCE00EFC011 /* Endpoint.swift */ = {isa = PBXFileReference; fileEncoding = 4; lastKnownFileType = sourcecode.swift; path = Endpoint.swift; sourceTree = "<group>"; };
		2018C0AE251CDFCE00EFC011 /* YelpClient.swift */ = {isa = PBXFileReference; fileEncoding = 4; lastKnownFileType = sourcecode.swift; path = YelpClient.swift; sourceTree = "<group>"; };
		2018C0AF251CDFCE00EFC011 /* APIClient.swift */ = {isa = PBXFileReference; fileEncoding = 4; lastKnownFileType = sourcecode.swift; path = APIClient.swift; sourceTree = "<group>"; };
		2018C0B4251CE4E300EFC011 /* YelpCategory.swift */ = {isa = PBXFileReference; fileEncoding = 4; lastKnownFileType = sourcecode.swift; path = YelpCategory.swift; sourceTree = "<group>"; };
		2018C0B5251CE4E300EFC011 /* YelpTransaction.swift */ = {isa = PBXFileReference; fileEncoding = 4; lastKnownFileType = sourcecode.swift; path = YelpTransaction.swift; sourceTree = "<group>"; };
		2018C0B9251CEB1700EFC011 /* BusinessHours.swift */ = {isa = PBXFileReference; fileEncoding = 4; lastKnownFileType = sourcecode.swift; path = BusinessHours.swift; sourceTree = "<group>"; };
		2018C0BA251CEB1700EFC011 /* YelpUser.swift */ = {isa = PBXFileReference; fileEncoding = 4; lastKnownFileType = sourcecode.swift; path = YelpUser.swift; sourceTree = "<group>"; };
		2018C0BB251CEB1700EFC011 /* Address.swift */ = {isa = PBXFileReference; fileEncoding = 4; lastKnownFileType = sourcecode.swift; path = Address.swift; sourceTree = "<group>"; };
		2018C0BC251CEB1700EFC011 /* Coordinate.swift */ = {isa = PBXFileReference; fileEncoding = 4; lastKnownFileType = sourcecode.swift; path = Coordinate.swift; sourceTree = "<group>"; };
		203FEB2E25205E850093E0A6 /* YelpBusinessDetails.swift */ = {isa = PBXFileReference; lastKnownFileType = sourcecode.swift; path = YelpBusinessDetails.swift; sourceTree = "<group>"; };
		203FEB302520750A0093E0A6 /* RestaurantDetailsViewModel.swift */ = {isa = PBXFileReference; lastKnownFileType = sourcecode.swift; path = RestaurantDetailsViewModel.swift; sourceTree = "<group>"; };
		20515499251C6B83007E95D4 /* RestaurantDetailsView.swift */ = {isa = PBXFileReference; lastKnownFileType = sourcecode.swift; path = RestaurantDetailsView.swift; sourceTree = "<group>"; };
		2051549A251C6B83007E95D4 /* RestaurantDetailsView.xib */ = {isa = PBXFileReference; lastKnownFileType = file.xib; path = RestaurantDetailsView.xib; sourceTree = "<group>"; };
		2063720D251C598700474BB5 /* RestaurantsTableViewController.swift */ = {isa = PBXFileReference; lastKnownFileType = sourcecode.swift; path = RestaurantsTableViewController.swift; sourceTree = "<group>"; };
		20637214251C60AA00474BB5 /* RestaurantsCell.swift */ = {isa = PBXFileReference; lastKnownFileType = sourcecode.swift; path = RestaurantsCell.swift; sourceTree = "<group>"; };
		20637215251C60AA00474BB5 /* RestaurantsCell.xib */ = {isa = PBXFileReference; lastKnownFileType = file.xib; path = RestaurantsCell.xib; sourceTree = "<group>"; };
		2068B64E251C83DA00F29FD6 /* LocationManager.swift */ = {isa = PBXFileReference; lastKnownFileType = sourcecode.swift; path = LocationManager.swift; sourceTree = "<group>"; };
		2068B651251C910B00F29FD6 /* BaseView.swift */ = {isa = PBXFileReference; lastKnownFileType = sourcecode.swift; path = BaseView.swift; sourceTree = "<group>"; };
		207202E9251D0B8900DEA2C0 /* RestaurantsViewModel.swift */ = {isa = PBXFileReference; lastKnownFileType = sourcecode.swift; path = RestaurantsViewModel.swift; sourceTree = "<group>"; };
		208AFFDB251BC84B008AAE8A /* iRestaurantFinder.app */ = {isa = PBXFileReference; explicitFileType = wrapper.application; includeInIndex = 0; path = iRestaurantFinder.app; sourceTree = BUILT_PRODUCTS_DIR; };
		208AFFDE251BC84B008AAE8A /* AppDelegate.swift */ = {isa = PBXFileReference; lastKnownFileType = sourcecode.swift; path = AppDelegate.swift; sourceTree = "<group>"; };
		208AFFE0251BC84B008AAE8A /* SceneDelegate.swift */ = {isa = PBXFileReference; lastKnownFileType = sourcecode.swift; path = SceneDelegate.swift; sourceTree = "<group>"; };
		208AFFE7251BC84D008AAE8A /* Assets.xcassets */ = {isa = PBXFileReference; lastKnownFileType = folder.assetcatalog; path = Assets.xcassets; sourceTree = "<group>"; };
		208AFFEA251BC84D008AAE8A /* Base */ = {isa = PBXFileReference; lastKnownFileType = file.storyboard; name = Base; path = Base.lproj/LaunchScreen.storyboard; sourceTree = "<group>"; };
		208AFFEC251BC84D008AAE8A /* Info.plist */ = {isa = PBXFileReference; lastKnownFileType = text.plist.xml; path = Info.plist; sourceTree = "<group>"; };
		208AFFF2251BC945008AAE8A /* LocationPermissionView.swift */ = {isa = PBXFileReference; lastKnownFileType = sourcecode.swift; path = LocationPermissionView.swift; sourceTree = "<group>"; };
		208AFFF3251BC945008AAE8A /* LocationPermissionView.xib */ = {isa = PBXFileReference; lastKnownFileType = file.xib; path = LocationPermissionView.xib; sourceTree = "<group>"; };
		20E9AB92251C93E30000034C /* RestaurantDetailsViewController.swift */ = {isa = PBXFileReference; lastKnownFileType = sourcecode.swift; path = RestaurantDetailsViewController.swift; sourceTree = "<group>"; };
		20E9AB98251C95710000034C /* LocationPermissionViewController.swift */ = {isa = PBXFileReference; lastKnownFileType = sourcecode.swift; path = LocationPermissionViewController.swift; sourceTree = "<group>"; };
/* End PBXFileReference section */

/* Begin PBXFrameworksBuildPhase section */
		208AFFD8251BC84B008AAE8A /* Frameworks */ = {
			isa = PBXFrameworksBuildPhase;
			buildActionMask = 2147483647;
			files = (
			);
			runOnlyForDeploymentPostprocessing = 0;
		};
/* End PBXFrameworksBuildPhase section */

/* Begin PBXGroup section */
		2018C0B8251CE7AB00EFC011 /* Location Management */ = {
			isa = PBXGroup;
			children = (
				2068B64E251C83DA00F29FD6 /* LocationManager.swift */,
			);
			path = "Location Management";
			sourceTree = "<group>";
		};
		2068B650251C90F400F29FD6 /* Screen */ = {
			isa = PBXGroup;
			children = (
				20E9AB96251C94BA0000034C /* LocationPermission */,
				20E9AB94251C94730000034C /* TableView */,
				2063720D251C598700474BB5 /* RestaurantsTableViewController.swift */,
				2068B653251C923300F29FD6 /* Details */,
			);
			path = Screen;
			sourceTree = "<group>";
		};
		2068B653251C923300F29FD6 /* Details */ = {
			isa = PBXGroup;
			children = (
				2068B654251C925200F29FD6 /* Views */,
				20E9AB92251C93E30000034C /* RestaurantDetailsViewController.swift */,
			);
			path = Details;
			sourceTree = "<group>";
		};
		2068B654251C925200F29FD6 /* Views */ = {
			isa = PBXGroup;
			children = (
				2051549A251C6B83007E95D4 /* RestaurantDetailsView.xib */,
				20515499251C6B83007E95D4 /* RestaurantDetailsView.swift */,
			);
			path = Views;
			sourceTree = "<group>";
		};
		207202E8251D0B5F00DEA2C0 /* ViewModels */ = {
			isa = PBXGroup;
			children = (
				207202E9251D0B8900DEA2C0 /* RestaurantsViewModel.swift */,
				203FEB302520750A0093E0A6 /* RestaurantDetailsViewModel.swift */,
			);
			path = ViewModels;
			sourceTree = "<group>";
		};
		208AFFD2251BC84B008AAE8A = {
			isa = PBXGroup;
			children = (
				208AFFDD251BC84B008AAE8A /* iRestaurantFinder */,
				208AFFDC251BC84B008AAE8A /* Products */,
			);
			sourceTree = "<group>";
		};
		208AFFDC251BC84B008AAE8A /* Products */ = {
			isa = PBXGroup;
			children = (
				208AFFDB251BC84B008AAE8A /* iRestaurantFinder.app */,
			);
			name = Products;
			sourceTree = "<group>";
		};
		208AFFDD251BC84B008AAE8A /* iRestaurantFinder */ = {
			isa = PBXGroup;
			children = (
				208AFFDE251BC84B008AAE8A /* AppDelegate.swift */,
				208AFFE0251BC84B008AAE8A /* SceneDelegate.swift */,
				2068B651251C910B00F29FD6 /* BaseView.swift */,
				2068B650251C90F400F29FD6 /* Screen */,
				208AFFF9251BC96B008AAE8A /* Models */,
				207202E8251D0B5F00DEA2C0 /* ViewModels */,
				2018C0B8251CE7AB00EFC011 /* Location Management */,
				208AFFFA251BC97B008AAE8A /* Networking */,
				208AFFE7251BC84D008AAE8A /* Assets.xcassets */,
				208AFFE9251BC84D008AAE8A /* LaunchScreen.storyboard */,
				208AFFEC251BC84D008AAE8A /* Info.plist */,
			);
			path = iRestaurantFinder;
			sourceTree = "<group>";
		};
		208AFFF9251BC96B008AAE8A /* Models */ = {
			isa = PBXGroup;
			children = (
				2018C0AA251CDF9000EFC011 /* YelpBusiness.swift */,
				203FEB2E25205E850093E0A6 /* YelpBusinessDetails.swift */,
				2018C0B4251CE4E300EFC011 /* YelpCategory.swift */,
				2018C0B5251CE4E300EFC011 /* YelpTransaction.swift */,
				2018C0BB251CEB1700EFC011 /* Address.swift */,
				2018C0B9251CEB1700EFC011 /* BusinessHours.swift */,
				2018C0BC251CEB1700EFC011 /* Coordinate.swift */,
				2018C0BA251CEB1700EFC011 /* YelpUser.swift */,
			);
			path = Models;
			sourceTree = "<group>";
		};
		208AFFFA251BC97B008AAE8A /* Networking */ = {
			isa = PBXGroup;
			children = (
				2018C0AF251CDFCE00EFC011 /* APIClient.swift */,
				2018C0AD251CDFCE00EFC011 /* Endpoint.swift */,
				2018C0AE251CDFCE00EFC011 /* YelpClient.swift */,
				2018C0AC251CDFCD00EFC011 /* YelpKeys.swift */,
			);
			path = Networking;
			sourceTree = "<group>";
		};
		20E9AB94251C94730000034C /* TableView */ = {
			isa = PBXGroup;
			children = (
				20E9AB95251C948E0000034C /* Views */,
			);
			path = TableView;
			sourceTree = "<group>";
		};
		20E9AB95251C948E0000034C /* Views */ = {
			isa = PBXGroup;
			children = (
				20637215251C60AA00474BB5 /* RestaurantsCell.xib */,
				20637214251C60AA00474BB5 /* RestaurantsCell.swift */,
			);
			path = Views;
			sourceTree = "<group>";
		};
		20E9AB96251C94BA0000034C /* LocationPermission */ = {
			isa = PBXGroup;
			children = (
				20E9AB97251C95520000034C /* VIews */,
				20E9AB98251C95710000034C /* LocationPermissionViewController.swift */,
			);
			path = LocationPermission;
			sourceTree = "<group>";
		};
		20E9AB97251C95520000034C /* VIews */ = {
			isa = PBXGroup;
			children = (
				208AFFF3251BC945008AAE8A /* LocationPermissionView.xib */,
				208AFFF2251BC945008AAE8A /* LocationPermissionView.swift */,
			);
			path = VIews;
			sourceTree = "<group>";
		};
/* End PBXGroup section */

/* Begin PBXNativeTarget section */
		208AFFDA251BC84B008AAE8A /* iRestaurantFinder */ = {
			isa = PBXNativeTarget;
			buildConfigurationList = 208AFFEF251BC84D008AAE8A /* Build configuration list for PBXNativeTarget "iRestaurantFinder" */;
			buildPhases = (
				208AFFD7251BC84B008AAE8A /* Sources */,
				208AFFD8251BC84B008AAE8A /* Frameworks */,
				208AFFD9251BC84B008AAE8A /* Resources */,
			);
			buildRules = (
			);
			dependencies = (
			);
			name = iRestaurantFinder;
			productName = iRestaurantFinder;
			productReference = 208AFFDB251BC84B008AAE8A /* iRestaurantFinder.app */;
			productType = "com.apple.product-type.application";
		};
/* End PBXNativeTarget section */

/* Begin PBXProject section */
		208AFFD3251BC84B008AAE8A /* Project object */ = {
			isa = PBXProject;
			attributes = {
				LastSwiftUpdateCheck = 1150;
				LastUpgradeCheck = 1150;
				ORGANIZATIONNAME = "Ali Sajadi";
				TargetAttributes = {
					208AFFDA251BC84B008AAE8A = {
						CreatedOnToolsVersion = 11.5;
					};
				};
			};
			buildConfigurationList = 208AFFD6251BC84B008AAE8A /* Build configuration list for PBXProject "iRestaurantFinder" */;
			compatibilityVersion = "Xcode 9.3";
			developmentRegion = en;
			hasScannedForEncodings = 0;
			knownRegions = (
				en,
				Base,
			);
			mainGroup = 208AFFD2251BC84B008AAE8A;
			productRefGroup = 208AFFDC251BC84B008AAE8A /* Products */;
			projectDirPath = "";
			projectRoot = "";
			targets = (
				208AFFDA251BC84B008AAE8A /* iRestaurantFinder */,
			);
		};
/* End PBXProject section */

/* Begin PBXResourcesBuildPhase section */
		208AFFD9251BC84B008AAE8A /* Resources */ = {
			isa = PBXResourcesBuildPhase;
			buildActionMask = 2147483647;
			files = (
				208AFFEB251BC84D008AAE8A /* LaunchScreen.storyboard in Resources */,
				208AFFE8251BC84D008AAE8A /* Assets.xcassets in Resources */,
				208AFFF5251BC945008AAE8A /* LocationPermissionView.xib in Resources */,
				2051549C251C6B83007E95D4 /* RestaurantDetailsView.xib in Resources */,
				20637217251C60AA00474BB5 /* RestaurantsCell.xib in Resources */,
			);
			runOnlyForDeploymentPostprocessing = 0;
		};
/* End PBXResourcesBuildPhase section */

/* Begin PBXSourcesBuildPhase section */
		208AFFD7251BC84B008AAE8A /* Sources */ = {
			isa = PBXSourcesBuildPhase;
			buildActionMask = 2147483647;
			files = (
				2018C0B3251CDFCE00EFC011 /* APIClient.swift in Sources */,
				2068B64F251C83DA00F29FD6 /* LocationManager.swift in Sources */,
				2051549B251C6B83007E95D4 /* RestaurantDetailsView.swift in Sources */,
				208AFFF4251BC945008AAE8A /* LocationPermissionView.swift in Sources */,
				203FEB312520750A0093E0A6 /* RestaurantDetailsViewModel.swift in Sources */,
				2018C0B2251CDFCE00EFC011 /* YelpClient.swift in Sources */,
				203FEB2F25205E850093E0A6 /* YelpBusinessDetails.swift in Sources */,
				2018C0C0251CEB1700EFC011 /* Coordinate.swift in Sources */,
				2018C0B1251CDFCE00EFC011 /* Endpoint.swift in Sources */,
				2018C0BF251CEB1700EFC011 /* Address.swift in Sources */,
				20E9AB93251C93E30000034C /* RestaurantDetailsViewController.swift in Sources */,
				20E9AB99251C95710000034C /* LocationPermissionViewController.swift in Sources */,
				20637216251C60AA00474BB5 /* RestaurantsCell.swift in Sources */,
				2018C0BD251CEB1700EFC011 /* BusinessHours.swift in Sources */,
				2063720E251C598700474BB5 /* RestaurantsTableViewController.swift in Sources */,
				207202EA251D0B8900DEA2C0 /* RestaurantsViewModel.swift in Sources */,
				2018C0B6251CE4E300EFC011 /* YelpCategory.swift in Sources */,
				2018C0B7251CE4E300EFC011 /* YelpTransaction.swift in Sources */,
				2018C0BE251CEB1700EFC011 /* YelpUser.swift in Sources */,
				2018C0B0251CDFCE00EFC011 /* YelpKeys.swift in Sources */,
				2018C0AB251CDF9000EFC011 /* YelpBusiness.swift in Sources */,
				208AFFDF251BC84B008AAE8A /* AppDelegate.swift in Sources */,
				208AFFE1251BC84B008AAE8A /* SceneDelegate.swift in Sources */,
				2068B652251C910B00F29FD6 /* BaseView.swift in Sources */,
			);
			runOnlyForDeploymentPostprocessing = 0;
		};
/* End PBXSourcesBuildPhase section */

/* Begin PBXVariantGroup section */
		208AFFE9251BC84D008AAE8A /* LaunchScreen.storyboard */ = {
			isa = PBXVariantGroup;
			children = (
				208AFFEA251BC84D008AAE8A /* Base */,
			);
			name = LaunchScreen.storyboard;
			sourceTree = "<group>";
		};
/* End PBXVariantGroup section */

/* Begin XCBuildConfiguration section */
		208AFFED251BC84D008AAE8A /* Debug */ = {
			isa = XCBuildConfiguration;
			buildSettings = {
				ALWAYS_SEARCH_USER_PATHS = NO;
				CLANG_ANALYZER_NONNULL = YES;
				CLANG_ANALYZER_NUMBER_OBJECT_CONVERSION = YES_AGGRESSIVE;
				CLANG_CXX_LANGUAGE_STANDARD = "gnu++14";
				CLANG_CXX_LIBRARY = "libc++";
				CLANG_ENABLE_MODULES = YES;
				CLANG_ENABLE_OBJC_ARC = YES;
				CLANG_ENABLE_OBJC_WEAK = YES;
				CLANG_WARN_BLOCK_CAPTURE_AUTORELEASING = YES;
				CLANG_WARN_BOOL_CONVERSION = YES;
				CLANG_WARN_COMMA = YES;
				CLANG_WARN_CONSTANT_CONVERSION = YES;
				CLANG_WARN_DEPRECATED_OBJC_IMPLEMENTATIONS = YES;
				CLANG_WARN_DIRECT_OBJC_ISA_USAGE = YES_ERROR;
				CLANG_WARN_DOCUMENTATION_COMMENTS = YES;
				CLANG_WARN_EMPTY_BODY = YES;
				CLANG_WARN_ENUM_CONVERSION = YES;
				CLANG_WARN_INFINITE_RECURSION = YES;
				CLANG_WARN_INT_CONVERSION = YES;
				CLANG_WARN_NON_LITERAL_NULL_CONVERSION = YES;
				CLANG_WARN_OBJC_IMPLICIT_RETAIN_SELF = YES;
				CLANG_WARN_OBJC_LITERAL_CONVERSION = YES;
				CLANG_WARN_OBJC_ROOT_CLASS = YES_ERROR;
				CLANG_WARN_RANGE_LOOP_ANALYSIS = YES;
				CLANG_WARN_STRICT_PROTOTYPES = YES;
				CLANG_WARN_SUSPICIOUS_MOVE = YES;
				CLANG_WARN_UNGUARDED_AVAILABILITY = YES_AGGRESSIVE;
				CLANG_WARN_UNREACHABLE_CODE = YES;
				CLANG_WARN__DUPLICATE_METHOD_MATCH = YES;
				COPY_PHASE_STRIP = NO;
				DEBUG_INFORMATION_FORMAT = dwarf;
				ENABLE_STRICT_OBJC_MSGSEND = YES;
				ENABLE_TESTABILITY = YES;
				GCC_C_LANGUAGE_STANDARD = gnu11;
				GCC_DYNAMIC_NO_PIC = NO;
				GCC_NO_COMMON_BLOCKS = YES;
				GCC_OPTIMIZATION_LEVEL = 0;
				GCC_PREPROCESSOR_DEFINITIONS = (
					"DEBUG=1",
					"$(inherited)",
				);
				GCC_WARN_64_TO_32_BIT_CONVERSION = YES;
				GCC_WARN_ABOUT_RETURN_TYPE = YES_ERROR;
				GCC_WARN_UNDECLARED_SELECTOR = YES;
				GCC_WARN_UNINITIALIZED_AUTOS = YES_AGGRESSIVE;
				GCC_WARN_UNUSED_FUNCTION = YES;
				GCC_WARN_UNUSED_VARIABLE = YES;
				IPHONEOS_DEPLOYMENT_TARGET = 13.5;
				MTL_ENABLE_DEBUG_INFO = INCLUDE_SOURCE;
				MTL_FAST_MATH = YES;
				ONLY_ACTIVE_ARCH = YES;
				SDKROOT = iphoneos;
				SWIFT_ACTIVE_COMPILATION_CONDITIONS = DEBUG;
				SWIFT_OPTIMIZATION_LEVEL = "-Onone";
			};
			name = Debug;
		};
		208AFFEE251BC84D008AAE8A /* Release */ = {
			isa = XCBuildConfiguration;
			buildSettings = {
				ALWAYS_SEARCH_USER_PATHS = NO;
				CLANG_ANALYZER_NONNULL = YES;
				CLANG_ANALYZER_NUMBER_OBJECT_CONVERSION = YES_AGGRESSIVE;
				CLANG_CXX_LANGUAGE_STANDARD = "gnu++14";
				CLANG_CXX_LIBRARY = "libc++";
				CLANG_ENABLE_MODULES = YES;
				CLANG_ENABLE_OBJC_ARC = YES;
				CLANG_ENABLE_OBJC_WEAK = YES;
				CLANG_WARN_BLOCK_CAPTURE_AUTORELEASING = YES;
				CLANG_WARN_BOOL_CONVERSION = YES;
				CLANG_WARN_COMMA = YES;
				CLANG_WARN_CONSTANT_CONVERSION = YES;
				CLANG_WARN_DEPRECATED_OBJC_IMPLEMENTATIONS = YES;
				CLANG_WARN_DIRECT_OBJC_ISA_USAGE = YES_ERROR;
				CLANG_WARN_DOCUMENTATION_COMMENTS = YES;
				CLANG_WARN_EMPTY_BODY = YES;
				CLANG_WARN_ENUM_CONVERSION = YES;
				CLANG_WARN_INFINITE_RECURSION = YES;
				CLANG_WARN_INT_CONVERSION = YES;
				CLANG_WARN_NON_LITERAL_NULL_CONVERSION = YES;
				CLANG_WARN_OBJC_IMPLICIT_RETAIN_SELF = YES;
				CLANG_WARN_OBJC_LITERAL_CONVERSION = YES;
				CLANG_WARN_OBJC_ROOT_CLASS = YES_ERROR;
				CLANG_WARN_RANGE_LOOP_ANALYSIS = YES;
				CLANG_WARN_STRICT_PROTOTYPES = YES;
				CLANG_WARN_SUSPICIOUS_MOVE = YES;
				CLANG_WARN_UNGUARDED_AVAILABILITY = YES_AGGRESSIVE;
				CLANG_WARN_UNREACHABLE_CODE = YES;
				CLANG_WARN__DUPLICATE_METHOD_MATCH = YES;
				COPY_PHASE_STRIP = NO;
				DEBUG_INFORMATION_FORMAT = "dwarf-with-dsym";
				ENABLE_NS_ASSERTIONS = NO;
				ENABLE_STRICT_OBJC_MSGSEND = YES;
				GCC_C_LANGUAGE_STANDARD = gnu11;
				GCC_NO_COMMON_BLOCKS = YES;
				GCC_WARN_64_TO_32_BIT_CONVERSION = YES;
				GCC_WARN_ABOUT_RETURN_TYPE = YES_ERROR;
				GCC_WARN_UNDECLARED_SELECTOR = YES;
				GCC_WARN_UNINITIALIZED_AUTOS = YES_AGGRESSIVE;
				GCC_WARN_UNUSED_FUNCTION = YES;
				GCC_WARN_UNUSED_VARIABLE = YES;
				IPHONEOS_DEPLOYMENT_TARGET = 13.5;
				MTL_ENABLE_DEBUG_INFO = NO;
				MTL_FAST_MATH = YES;
				SDKROOT = iphoneos;
				SWIFT_COMPILATION_MODE = wholemodule;
				SWIFT_OPTIMIZATION_LEVEL = "-O";
				VALIDATE_PRODUCT = YES;
			};
			name = Release;
		};
		208AFFF0251BC84D008AAE8A /* Debug */ = {
			isa = XCBuildConfiguration;
			buildSettings = {
				ASSETCATALOG_COMPILER_APPICON_NAME = AppIcon;
				CODE_SIGN_STYLE = Automatic;
				INFOPLIST_FILE = iRestaurantFinder/Info.plist;
				LD_RUNPATH_SEARCH_PATHS = (
					"$(inherited)",
					"@executable_path/Frameworks",
				);
				PRODUCT_BUNDLE_IDENTIFIER = ir.appcade.iRestaurantFinder;
				PRODUCT_NAME = "$(TARGET_NAME)";
				SWIFT_VERSION = 5.0;
				TARGETED_DEVICE_FAMILY = "1,2";
			};
			name = Debug;
		};
		208AFFF1251BC84D008AAE8A /* Release */ = {
			isa = XCBuildConfiguration;
			buildSettings = {
				ASSETCATALOG_COMPILER_APPICON_NAME = AppIcon;
				CODE_SIGN_STYLE = Automatic;
				INFOPLIST_FILE = iRestaurantFinder/Info.plist;
				LD_RUNPATH_SEARCH_PATHS = (
					"$(inherited)",
					"@executable_path/Frameworks",
				);
				PRODUCT_BUNDLE_IDENTIFIER = ir.appcade.iRestaurantFinder;
				PRODUCT_NAME = "$(TARGET_NAME)";
				SWIFT_VERSION = 5.0;
				TARGETED_DEVICE_FAMILY = "1,2";
			};
			name = Release;
		};
/* End XCBuildConfiguration section */

/* Begin XCConfigurationList section */
		208AFFD6251BC84B008AAE8A /* Build configuration list for PBXProject "iRestaurantFinder" */ = {
			isa = XCConfigurationList;
			buildConfigurations = (
				208AFFED251BC84D008AAE8A /* Debug */,
				208AFFEE251BC84D008AAE8A /* Release */,
			);
			defaultConfigurationIsVisible = 0;
			defaultConfigurationName = Release;
		};
		208AFFEF251BC84D008AAE8A /* Build configuration list for PBXNativeTarget "iRestaurantFinder" */ = {
			isa = XCConfigurationList;
			buildConfigurations = (
				208AFFF0251BC84D008AAE8A /* Debug */,
				208AFFF1251BC84D008AAE8A /* Release */,
			);
			defaultConfigurationIsVisible = 0;
			defaultConfigurationName = Release;
		};
/* End XCConfigurationList section */
	};
	rootObject = 208AFFD3251BC84B008AAE8A /* Project object */;
}
