// !$*UTF8*$!
{
	archiveVersion = 1;
	classes = {
	};
	objectVersion = 50;
	objects = {

/* Begin PBXBuildFile section */
		2051549B251C6B83007E95D4 /* RestaurantDetailsViewController.swift in Sources */ = {isa = PBXBuildFile; fileRef = 20515499251C6B83007E95D4 /* RestaurantDetailsViewController.swift */; };
		2051549C251C6B83007E95D4 /* RestaurantDetailsViewController.xib in Resources */ = {isa = PBXBuildFile; fileRef = 2051549A251C6B83007E95D4 /* RestaurantDetailsViewController.xib */; };
		2063720E251C598700474BB5 /* FoodCategoryTableViewController.swift in Sources */ = {isa = PBXBuildFile; fileRef = 2063720D251C598700474BB5 /* FoodCategoryTableViewController.swift */; };
		20637216251C60AA00474BB5 /* FoodCategoryCell.swift in Sources */ = {isa = PBXBuildFile; fileRef = 20637214251C60AA00474BB5 /* FoodCategoryCell.swift */; };
		20637217251C60AA00474BB5 /* FoodCategoryCell.xib in Resources */ = {isa = PBXBuildFile; fileRef = 20637215251C60AA00474BB5 /* FoodCategoryCell.xib */; };
		208AFFDF251BC84B008AAE8A /* AppDelegate.swift in Sources */ = {isa = PBXBuildFile; fileRef = 208AFFDE251BC84B008AAE8A /* AppDelegate.swift */; };
		208AFFE1251BC84B008AAE8A /* SceneDelegate.swift in Sources */ = {isa = PBXBuildFile; fileRef = 208AFFE0251BC84B008AAE8A /* SceneDelegate.swift */; };
		208AFFE8251BC84D008AAE8A /* Assets.xcassets in Resources */ = {isa = PBXBuildFile; fileRef = 208AFFE7251BC84D008AAE8A /* Assets.xcassets */; };
		208AFFEB251BC84D008AAE8A /* LaunchScreen.storyboard in Resources */ = {isa = PBXBuildFile; fileRef = 208AFFE9251BC84D008AAE8A /* LaunchScreen.storyboard */; };
		208AFFF4251BC945008AAE8A /* LocationPermissionViewController.swift in Sources */ = {isa = PBXBuildFile; fileRef = 208AFFF2251BC945008AAE8A /* LocationPermissionViewController.swift */; };
		208AFFF5251BC945008AAE8A /* LocationPermissionViewController.xib in Resources */ = {isa = PBXBuildFile; fileRef = 208AFFF3251BC945008AAE8A /* LocationPermissionViewController.xib */; };
/* End PBXBuildFile section */

/* Begin PBXFileReference section */
		20515499251C6B83007E95D4 /* RestaurantDetailsViewController.swift */ = {isa = PBXFileReference; lastKnownFileType = sourcecode.swift; path = RestaurantDetailsViewController.swift; sourceTree = "<group>"; };
		2051549A251C6B83007E95D4 /* RestaurantDetailsViewController.xib */ = {isa = PBXFileReference; lastKnownFileType = file.xib; path = RestaurantDetailsViewController.xib; sourceTree = "<group>"; };
		2063720D251C598700474BB5 /* FoodCategoryTableViewController.swift */ = {isa = PBXFileReference; lastKnownFileType = sourcecode.swift; path = FoodCategoryTableViewController.swift; sourceTree = "<group>"; };
		20637214251C60AA00474BB5 /* FoodCategoryCell.swift */ = {isa = PBXFileReference; lastKnownFileType = sourcecode.swift; path = FoodCategoryCell.swift; sourceTree = "<group>"; };
		20637215251C60AA00474BB5 /* FoodCategoryCell.xib */ = {isa = PBXFileReference; lastKnownFileType = file.xib; path = FoodCategoryCell.xib; sourceTree = "<group>"; };
		208AFFDB251BC84B008AAE8A /* iRestaurantFinder.app */ = {isa = PBXFileReference; explicitFileType = wrapper.application; includeInIndex = 0; path = iRestaurantFinder.app; sourceTree = BUILT_PRODUCTS_DIR; };
		208AFFDE251BC84B008AAE8A /* AppDelegate.swift */ = {isa = PBXFileReference; lastKnownFileType = sourcecode.swift; path = AppDelegate.swift; sourceTree = "<group>"; };
		208AFFE0251BC84B008AAE8A /* SceneDelegate.swift */ = {isa = PBXFileReference; lastKnownFileType = sourcecode.swift; path = SceneDelegate.swift; sourceTree = "<group>"; };
		208AFFE7251BC84D008AAE8A /* Assets.xcassets */ = {isa = PBXFileReference; lastKnownFileType = folder.assetcatalog; path = Assets.xcassets; sourceTree = "<group>"; };
		208AFFEA251BC84D008AAE8A /* Base */ = {isa = PBXFileReference; lastKnownFileType = file.storyboard; name = Base; path = Base.lproj/LaunchScreen.storyboard; sourceTree = "<group>"; };
		208AFFEC251BC84D008AAE8A /* Info.plist */ = {isa = PBXFileReference; lastKnownFileType = text.plist.xml; path = Info.plist; sourceTree = "<group>"; };
		208AFFF2251BC945008AAE8A /* LocationPermissionViewController.swift */ = {isa = PBXFileReference; lastKnownFileType = sourcecode.swift; path = LocationPermissionViewController.swift; sourceTree = "<group>"; };
		208AFFF3251BC945008AAE8A /* LocationPermissionViewController.xib */ = {isa = PBXFileReference; lastKnownFileType = file.xib; path = LocationPermissionViewController.xib; sourceTree = "<group>"; };
/* End PBXFileReference section */

/* Begin PBXFrameworksBuildPhase section */
		208AFFD8251BC84B008AAE8A /* Frameworks */ = {
			isa = PBXFrameworksBuildPhase;
			buildActionMask = 2147483647;
			files = (
			);
			runOnlyForDeploymentPostprocessing = 0;
		};
/* End PBXFrameworksBuildPhase section */

/* Begin PBXGroup section */
		2063720F251C601F00474BB5 /* Cells */ = {
			isa = PBXGroup;
			children = (
				20637215251C60AA00474BB5 /* FoodCategoryCell.xib */,
			);
			path = Cells;
			sourceTree = "<group>";
		};
		20637218251C60AE00474BB5 /* Cells */ = {
			isa = PBXGroup;
			children = (
				20637214251C60AA00474BB5 /* FoodCategoryCell.swift */,
			);
			path = Cells;
			sourceTree = "<group>";
		};
		208AFFD2251BC84B008AAE8A = {
			isa = PBXGroup;
			children = (
				208AFFDD251BC84B008AAE8A /* iRestaurantFinder */,
				208AFFDC251BC84B008AAE8A /* Products */,
			);
			sourceTree = "<group>";
		};
		208AFFDC251BC84B008AAE8A /* Products */ = {
			isa = PBXGroup;
			children = (
				208AFFDB251BC84B008AAE8A /* iRestaurantFinder.app */,
			);
			name = Products;
			sourceTree = "<group>";
		};
		208AFFDD251BC84B008AAE8A /* iRestaurantFinder */ = {
			isa = PBXGroup;
			children = (
				208AFFF6251BC952008AAE8A /* Views */,
				208AFFF8251BC964008AAE8A /* Controllers */,
				208AFFF9251BC96B008AAE8A /* Models */,
				208AFFFA251BC97B008AAE8A /* Services */,
				208AFFDE251BC84B008AAE8A /* AppDelegate.swift */,
				208AFFE0251BC84B008AAE8A /* SceneDelegate.swift */,
				208AFFE7251BC84D008AAE8A /* Assets.xcassets */,
				208AFFE9251BC84D008AAE8A /* LaunchScreen.storyboard */,
				208AFFEC251BC84D008AAE8A /* Info.plist */,
			);
			path = iRestaurantFinder;
			sourceTree = "<group>";
		};
		208AFFF6251BC952008AAE8A /* Views */ = {
			isa = PBXGroup;
			children = (
				2063720F251C601F00474BB5 /* Cells */,
				208AFFF3251BC945008AAE8A /* LocationPermissionViewController.xib */,
				2051549A251C6B83007E95D4 /* RestaurantDetailsViewController.xib */,
			);
			path = Views;
			sourceTree = "<group>";
		};
		208AFFF8251BC964008AAE8A /* Controllers */ = {
			isa = PBXGroup;
			children = (
				20637218251C60AE00474BB5 /* Cells */,
				208AFFF2251BC945008AAE8A /* LocationPermissionViewController.swift */,
				2063720D251C598700474BB5 /* FoodCategoryTableViewController.swift */,
				20515499251C6B83007E95D4 /* RestaurantDetailsViewController.swift */,
			);
			path = Controllers;
			sourceTree = "<group>";
		};
		208AFFF9251BC96B008AAE8A /* Models */ = {
			isa = PBXGroup;
			children = (
			);
			path = Models;
			sourceTree = "<group>";
		};
		208AFFFA251BC97B008AAE8A /* Services */ = {
			isa = PBXGroup;
			children = (
			);
			path = Services;
			sourceTree = "<group>";
		};
/* End PBXGroup section */

/* Begin PBXNativeTarget section */
		208AFFDA251BC84B008AAE8A /* iRestaurantFinder */ = {
			isa = PBXNativeTarget;
			buildConfigurationList = 208AFFEF251BC84D008AAE8A /* Build configuration list for PBXNativeTarget "iRestaurantFinder" */;
			buildPhases = (
				208AFFD7251BC84B008AAE8A /* Sources */,
				208AFFD8251BC84B008AAE8A /* Frameworks */,
				208AFFD9251BC84B008AAE8A /* Resources */,
			);
			buildRules = (
			);
			dependencies = (
			);
			name = iRestaurantFinder;
			productName = iRestaurantFinder;
			productReference = 208AFFDB251BC84B008AAE8A /* iRestaurantFinder.app */;
			productType = "com.apple.product-type.application";
		};
/* End PBXNativeTarget section */

/* Begin PBXProject section */
		208AFFD3251BC84B008AAE8A /* Project object */ = {
			isa = PBXProject;
			attributes = {
				LastSwiftUpdateCheck = 1150;
				LastUpgradeCheck = 1150;
				ORGANIZATIONNAME = "Ali Sajadi";
				TargetAttributes = {
					208AFFDA251BC84B008AAE8A = {
						CreatedOnToolsVersion = 11.5;
					};
				};
			};
			buildConfigurationList = 208AFFD6251BC84B008AAE8A /* Build configuration list for PBXProject "iRestaurantFinder" */;
			compatibilityVersion = "Xcode 9.3";
			developmentRegion = en;
			hasScannedForEncodings = 0;
			knownRegions = (
				en,
				Base,
			);
			mainGroup = 208AFFD2251BC84B008AAE8A;
			productRefGroup = 208AFFDC251BC84B008AAE8A /* Products */;
			projectDirPath = "";
			projectRoot = "";
			targets = (
				208AFFDA251BC84B008AAE8A /* iRestaurantFinder */,
			);
		};
/* End PBXProject section */

/* Begin PBXResourcesBuildPhase section */
		208AFFD9251BC84B008AAE8A /* Resources */ = {
			isa = PBXResourcesBuildPhase;
			buildActionMask = 2147483647;
			files = (
				208AFFEB251BC84D008AAE8A /* LaunchScreen.storyboard in Resources */,
				208AFFE8251BC84D008AAE8A /* Assets.xcassets in Resources */,
				208AFFF5251BC945008AAE8A /* LocationPermissionViewController.xib in Resources */,
				2051549C251C6B83007E95D4 /* RestaurantDetailsViewController.xib in Resources */,
				20637217251C60AA00474BB5 /* FoodCategoryCell.xib in Resources */,
			);
			runOnlyForDeploymentPostprocessing = 0;
		};
/* End PBXResourcesBuildPhase section */

/* Begin PBXSourcesBuildPhase section */
		208AFFD7251BC84B008AAE8A /* Sources */ = {
			isa = PBXSourcesBuildPhase;
			buildActionMask = 2147483647;
			files = (
				2051549B251C6B83007E95D4 /* RestaurantDetailsViewController.swift in Sources */,
				208AFFF4251BC945008AAE8A /* LocationPermissionViewController.swift in Sources */,
				20637216251C60AA00474BB5 /* FoodCategoryCell.swift in Sources */,
				2063720E251C598700474BB5 /* FoodCategoryTableViewController.swift in Sources */,
				208AFFDF251BC84B008AAE8A /* AppDelegate.swift in Sources */,
				208AFFE1251BC84B008AAE8A /* SceneDelegate.swift in Sources */,
			);
			runOnlyForDeploymentPostprocessing = 0;
		};
/* End PBXSourcesBuildPhase section */

/* Begin PBXVariantGroup section */
		208AFFE9251BC84D008AAE8A /* LaunchScreen.storyboard */ = {
			isa = PBXVariantGroup;
			children = (
				208AFFEA251BC84D008AAE8A /* Base */,
			);
			name = LaunchScreen.storyboard;
			sourceTree = "<group>";
		};
/* End PBXVariantGroup section */

/* Begin XCBuildConfiguration section */
		208AFFED251BC84D008AAE8A /* Debug */ = {
			isa = XCBuildConfiguration;
			buildSettings = {
				ALWAYS_SEARCH_USER_PATHS = NO;
				CLANG_ANALYZER_NONNULL = YES;
				CLANG_ANALYZER_NUMBER_OBJECT_CONVERSION = YES_AGGRESSIVE;
				CLANG_CXX_LANGUAGE_STANDARD = "gnu++14";
				CLANG_CXX_LIBRARY = "libc++";
				CLANG_ENABLE_MODULES = YES;
				CLANG_ENABLE_OBJC_ARC = YES;
				CLANG_ENABLE_OBJC_WEAK = YES;
				CLANG_WARN_BLOCK_CAPTURE_AUTORELEASING = YES;
				CLANG_WARN_BOOL_CONVERSION = YES;
				CLANG_WARN_COMMA = YES;
				CLANG_WARN_CONSTANT_CONVERSION = YES;
				CLANG_WARN_DEPRECATED_OBJC_IMPLEMENTATIONS = YES;
				CLANG_WARN_DIRECT_OBJC_ISA_USAGE = YES_ERROR;
				CLANG_WARN_DOCUMENTATION_COMMENTS = YES;
				CLANG_WARN_EMPTY_BODY = YES;
				CLANG_WARN_ENUM_CONVERSION = YES;
				CLANG_WARN_INFINITE_RECURSION = YES;
				CLANG_WARN_INT_CONVERSION = YES;
				CLANG_WARN_NON_LITERAL_NULL_CONVERSION = YES;
				CLANG_WARN_OBJC_IMPLICIT_RETAIN_SELF = YES;
				CLANG_WARN_OBJC_LITERAL_CONVERSION = YES;
				CLANG_WARN_OBJC_ROOT_CLASS = YES_ERROR;
				CLANG_WARN_RANGE_LOOP_ANALYSIS = YES;
				CLANG_WARN_STRICT_PROTOTYPES = YES;
				CLANG_WARN_SUSPICIOUS_MOVE = YES;
				CLANG_WARN_UNGUARDED_AVAILABILITY = YES_AGGRESSIVE;
				CLANG_WARN_UNREACHABLE_CODE = YES;
				CLANG_WARN__DUPLICATE_METHOD_MATCH = YES;
				COPY_PHASE_STRIP = NO;
				DEBUG_INFORMATION_FORMAT = dwarf;
				ENABLE_STRICT_OBJC_MSGSEND = YES;
				ENABLE_TESTABILITY = YES;
				GCC_C_LANGUAGE_STANDARD = gnu11;
				GCC_DYNAMIC_NO_PIC = NO;
				GCC_NO_COMMON_BLOCKS = YES;
				GCC_OPTIMIZATION_LEVEL = 0;
				GCC_PREPROCESSOR_DEFINITIONS = (
					"DEBUG=1",
					"$(inherited)",
				);
				GCC_WARN_64_TO_32_BIT_CONVERSION = YES;
				GCC_WARN_ABOUT_RETURN_TYPE = YES_ERROR;
				GCC_WARN_UNDECLARED_SELECTOR = YES;
				GCC_WARN_UNINITIALIZED_AUTOS = YES_AGGRESSIVE;
				GCC_WARN_UNUSED_FUNCTION = YES;
				GCC_WARN_UNUSED_VARIABLE = YES;
				IPHONEOS_DEPLOYMENT_TARGET = 13.5;
				MTL_ENABLE_DEBUG_INFO = INCLUDE_SOURCE;
				MTL_FAST_MATH = YES;
				ONLY_ACTIVE_ARCH = YES;
				SDKROOT = iphoneos;
				SWIFT_ACTIVE_COMPILATION_CONDITIONS = DEBUG;
				SWIFT_OPTIMIZATION_LEVEL = "-Onone";
			};
			name = Debug;
		};
		208AFFEE251BC84D008AAE8A /* Release */ = {
			isa = XCBuildConfiguration;
			buildSettings = {
				ALWAYS_SEARCH_USER_PATHS = NO;
				CLANG_ANALYZER_NONNULL = YES;
				CLANG_ANALYZER_NUMBER_OBJECT_CONVERSION = YES_AGGRESSIVE;
				CLANG_CXX_LANGUAGE_STANDARD = "gnu++14";
				CLANG_CXX_LIBRARY = "libc++";
				CLANG_ENABLE_MODULES = YES;
				CLANG_ENABLE_OBJC_ARC = YES;
				CLANG_ENABLE_OBJC_WEAK = YES;
				CLANG_WARN_BLOCK_CAPTURE_AUTORELEASING = YES;
				CLANG_WARN_BOOL_CONVERSION = YES;
				CLANG_WARN_COMMA = YES;
				CLANG_WARN_CONSTANT_CONVERSION = YES;
				CLANG_WARN_DEPRECATED_OBJC_IMPLEMENTATIONS = YES;
				CLANG_WARN_DIRECT_OBJC_ISA_USAGE = YES_ERROR;
				CLANG_WARN_DOCUMENTATION_COMMENTS = YES;
				CLANG_WARN_EMPTY_BODY = YES;
				CLANG_WARN_ENUM_CONVERSION = YES;
				CLANG_WARN_INFINITE_RECURSION = YES;
				CLANG_WARN_INT_CONVERSION = YES;
				CLANG_WARN_NON_LITERAL_NULL_CONVERSION = YES;
				CLANG_WARN_OBJC_IMPLICIT_RETAIN_SELF = YES;
				CLANG_WARN_OBJC_LITERAL_CONVERSION = YES;
				CLANG_WARN_OBJC_ROOT_CLASS = YES_ERROR;
				CLANG_WARN_RANGE_LOOP_ANALYSIS = YES;
				CLANG_WARN_STRICT_PROTOTYPES = YES;
				CLANG_WARN_SUSPICIOUS_MOVE = YES;
				CLANG_WARN_UNGUARDED_AVAILABILITY = YES_AGGRESSIVE;
				CLANG_WARN_UNREACHABLE_CODE = YES;
				CLANG_WARN__DUPLICATE_METHOD_MATCH = YES;
				COPY_PHASE_STRIP = NO;
				DEBUG_INFORMATION_FORMAT = "dwarf-with-dsym";
				ENABLE_NS_ASSERTIONS = NO;
				ENABLE_STRICT_OBJC_MSGSEND = YES;
				GCC_C_LANGUAGE_STANDARD = gnu11;
				GCC_NO_COMMON_BLOCKS = YES;
				GCC_WARN_64_TO_32_BIT_CONVERSION = YES;
				GCC_WARN_ABOUT_RETURN_TYPE = YES_ERROR;
				GCC_WARN_UNDECLARED_SELECTOR = YES;
				GCC_WARN_UNINITIALIZED_AUTOS = YES_AGGRESSIVE;
				GCC_WARN_UNUSED_FUNCTION = YES;
				GCC_WARN_UNUSED_VARIABLE = YES;
				IPHONEOS_DEPLOYMENT_TARGET = 13.5;
				MTL_ENABLE_DEBUG_INFO = NO;
				MTL_FAST_MATH = YES;
				SDKROOT = iphoneos;
				SWIFT_COMPILATION_MODE = wholemodule;
				SWIFT_OPTIMIZATION_LEVEL = "-O";
				VALIDATE_PRODUCT = YES;
			};
			name = Release;
		};
		208AFFF0251BC84D008AAE8A /* Debug */ = {
			isa = XCBuildConfiguration;
			buildSettings = {
				ASSETCATALOG_COMPILER_APPICON_NAME = AppIcon;
				CODE_SIGN_STYLE = Automatic;
				INFOPLIST_FILE = iRestaurantFinder/Info.plist;
				LD_RUNPATH_SEARCH_PATHS = (
					"$(inherited)",
					"@executable_path/Frameworks",
				);
				PRODUCT_BUNDLE_IDENTIFIER = ir.appcade.iRestaurantFinder;
				PRODUCT_NAME = "$(TARGET_NAME)";
				SWIFT_VERSION = 5.0;
				TARGETED_DEVICE_FAMILY = "1,2";
			};
			name = Debug;
		};
		208AFFF1251BC84D008AAE8A /* Release */ = {
			isa = XCBuildConfiguration;
			buildSettings = {
				ASSETCATALOG_COMPILER_APPICON_NAME = AppIcon;
				CODE_SIGN_STYLE = Automatic;
				INFOPLIST_FILE = iRestaurantFinder/Info.plist;
				LD_RUNPATH_SEARCH_PATHS = (
					"$(inherited)",
					"@executable_path/Frameworks",
				);
				PRODUCT_BUNDLE_IDENTIFIER = ir.appcade.iRestaurantFinder;
				PRODUCT_NAME = "$(TARGET_NAME)";
				SWIFT_VERSION = 5.0;
				TARGETED_DEVICE_FAMILY = "1,2";
			};
			name = Release;
		};
/* End XCBuildConfiguration section */

/* Begin XCConfigurationList section */
		208AFFD6251BC84B008AAE8A /* Build configuration list for PBXProject "iRestaurantFinder" */ = {
			isa = XCConfigurationList;
			buildConfigurations = (
				208AFFED251BC84D008AAE8A /* Debug */,
				208AFFEE251BC84D008AAE8A /* Release */,
			);
			defaultConfigurationIsVisible = 0;
			defaultConfigurationName = Release;
		};
		208AFFEF251BC84D008AAE8A /* Build configuration list for PBXNativeTarget "iRestaurantFinder" */ = {
			isa = XCConfigurationList;
			buildConfigurations = (
				208AFFF0251BC84D008AAE8A /* Debug */,
				208AFFF1251BC84D008AAE8A /* Release */,
			);
			defaultConfigurationIsVisible = 0;
			defaultConfigurationName = Release;
		};
/* End XCConfigurationList section */
	};
	rootObject = 208AFFD3251BC84B008AAE8A /* Project object */;
}
